
Microsoft Visual Studio Solution File, Format Version 12.00
# Visual Studio Version 17
VisualStudioVersion = 17.14.36511.14
MinimumVisualStudioVersion = 10.0.40219.1
Project("{FAE04EC0-301F-11D3-BF4B-00C04F79EFBC}") = "StudentTrackingSystem", "StudentTrackingSystem\StudentTrackingSystem.csproj", "{80FE32A9-DD8A-48D9-AE76-3801165DE485}"
EndProject
Project("{FAE04EC0-301F-11D3-BF4B-00C04F79EFBC}") = "StudentTrackingSystem.Api", "StudentTrackingSystem.Api\StudentTrackingSystem.Api.csproj", "{B0CA9070-2BC1-4360-94F3-C9B7A9B0B9BE}"
EndProject
Global
	GlobalSection(SolutionConfigurationPlatforms) = preSolution
		Debug|Any CPU = Debug|Any CPU
		Release|Any CPU = Release|Any CPU
	EndGlobalSection
	GlobalSection(ProjectConfigurationPlatforms) = postSolution
		{80FE32A9-DD8A-48D9-AE76-3801165DE485}.Debug|Any CPU.ActiveCfg = Debug|Any CPU
		{80FE32A9-DD8A-48D9-AE76-3801165DE485}.Debug|Any CPU.Build.0 = Debug|Any CPU
		{80FE32A9-DD8A-48D9-AE76-3801165DE485}.Debug|Any CPU.Deploy.0 = Debug|Any CPU
		{80FE32A9-DD8A-48D9-AE76-3801165DE485}.Release|Any CPU.ActiveCfg = Release|Any CPU
		{80FE32A9-DD8A-48D9-AE76-3801165DE485}.Release|Any CPU.Build.0 = Release|Any CPU
		{80FE32A9-DD8A-48D9-AE76-3801165DE485}.Release|Any CPU.Deploy.0 = Release|Any CPU
		{B0CA9070-2BC1-4360-94F3-C9B7A9B0B9BE}.Debug|Any CPU.ActiveCfg = Debug|Any CPU
		{B0CA9070-2BC1-4360-94F3-C9B7A9B0B9BE}.Debug|Any CPU.Build.0 = Debug|Any CPU
		{B0CA9070-2BC1-4360-94F3-C9B7A9B0B9BE}.Release|Any CPU.ActiveCfg = Release|Any CPU
		{B0CA9070-2BC1-4360-94F3-C9B7A9B0B9BE}.Release|Any CPU.Build.0 = Release|Any CPU
	EndGlobalSection
	GlobalSection(SolutionProperties) = preSolution
		HideSolutionNode = FALSE
	EndGlobalSection
	GlobalSection(ExtensibilityGlobals) = postSolution
		SolutionGuid = {C371E35E-B3C1-41B9-AF78-4794379933AF}
	EndGlobalSection
EndGlobal
